
Microsoft Visual Studio Solution File, Format Version 12.00
Project("{FAE04EC0-301F-11D3-BF4B-00C04F79EFBC}") = "PeopleHub.Web", "src\backend\PeopleHub.Web\PeopleHub.Web.csproj", "{B940CD26-6C28-4C2E-9BF8-6F35C203C958}"
EndProject
Project("{FAE04EC0-301F-11D3-BF4B-00C04F79EFBC}") = "PeopleHub.Domain", "src\backend\PeopleHub.Domain\PeopleHub.Domain.csproj", "{A1B2C3D4-1111-2222-3333-444455556666}"
EndProject
Project("{FAE04EC0-301F-11D3-BF4B-00C04F79EFBC}") = "PeopleHub.Infrastructure", "src\backend\PeopleHub.Infrastructure\PeopleHub.Infrastructure.csproj", "{A1B2C3D4-1111-2222-3333-444455557777}"
EndProject
Project("{FAE04EC0-301F-11D3-BF4B-00C04F79EFBC}") = "PeopleHub.Application", "src\backend\PeopleHub.Application\PeopleHub.Application.csproj", "{DE90427C-C4EB-4251-9860-B7E4DF74B086}"
EndProject
Project("{FAE04EC0-301F-11D3-BF4B-00C04F79EFBC}") = "PeopleHub.Unit.Tests", "src\backend\PeopleHub.Unit.Tests\PeopleHub.Unit.Tests.csproj", "{6B74543B-A56C-43E1-B7D1-D75DC17E96C9}"
EndProject
Project("{2150E333-8FDC-42A3-9474-1A3956D46DE8}") = "Tests", "Tests", "{4875576A-1733-4176-A891-E6B342F4598E}"
EndProject
Project("{2150E333-8FDC-42A3-9474-1A3956D46DE8}") = "Services", "Services", "{C7A70000-0000-4000-8000-000000000002}"
EndProject
Project("{FAE04EC0-301F-11D3-BF4B-00C04F79EFBC}") = "PeopleHub.Chats", "src\backend\PeopleHub.Chats\PeopleHub.Chats.csproj", "{C7A70000-0000-4000-8000-000000000001}"
EndProject
Global
	GlobalSection(SolutionConfigurationPlatforms) = preSolution
		Debug|Any CPU = Debug|Any CPU
		Debug|x64 = Debug|x64
		Debug|x86 = Debug|x86
		Release|Any CPU = Release|Any CPU
		Release|x64 = Release|x64
		Release|x86 = Release|x86
	EndGlobalSection
	GlobalSection(ProjectConfigurationPlatforms) = postSolution
		{B940CD26-6C28-4C2E-9BF8-6F35C203C958}.Debug|Any CPU.ActiveCfg = Debug|Any CPU
		{B940CD26-6C28-4C2E-9BF8-6F35C203C958}.Debug|Any CPU.Build.0 = Debug|Any CPU
		{B940CD26-6C28-4C2E-9BF8-6F35C203C958}.Debug|x64.ActiveCfg = Debug|Any CPU
		{B940CD26-6C28-4C2E-9BF8-6F35C203C958}.Debug|x64.Build.0 = Debug|Any CPU
		{B940CD26-6C28-4C2E-9BF8-6F35C203C958}.Debug|x86.ActiveCfg = Debug|Any CPU
		{B940CD26-6C28-4C2E-9BF8-6F35C203C958}.Debug|x86.Build.0 = Debug|Any CPU
		{B940CD26-6C28-4C2E-9BF8-6F35C203C958}.Release|Any CPU.ActiveCfg = Release|Any CPU
		{B940CD26-6C28-4C2E-9BF8-6F35C203C958}.Release|Any CPU.Build.0 = Release|Any CPU
		{B940CD26-6C28-4C2E-9BF8-6F35C203C958}.Release|x64.ActiveCfg = Release|Any CPU
		{B940CD26-6C28-4C2E-9BF8-6F35C203C958}.Release|x64.Build.0 = Release|Any CPU
		{B940CD26-6C28-4C2E-9BF8-6F35C203C958}.Release|x86.ActiveCfg = Release|Any CPU
		{B940CD26-6C28-4C2E-9BF8-6F35C203C958}.Release|x86.Build.0 = Release|Any CPU
		{A1B2C3D4-1111-2222-3333-444455556666}.Debug|Any CPU.ActiveCfg = Debug|Any CPU
		{A1B2C3D4-1111-2222-3333-444455556666}.Debug|Any CPU.Build.0 = Debug|Any CPU
		{A1B2C3D4-1111-2222-3333-444455556666}.Debug|x64.ActiveCfg = Debug|Any CPU
		{A1B2C3D4-1111-2222-3333-444455556666}.Debug|x64.Build.0 = Debug|Any CPU
		{A1B2C3D4-1111-2222-3333-444455556666}.Debug|x86.ActiveCfg = Debug|Any CPU
		{A1B2C3D4-1111-2222-3333-444455556666}.Debug|x86.Build.0 = Debug|Any CPU
		{A1B2C3D4-1111-2222-3333-444455556666}.Release|Any CPU.ActiveCfg = Release|Any CPU
		{A1B2C3D4-1111-2222-3333-444455556666}.Release|Any CPU.Build.0 = Release|Any CPU
		{A1B2C3D4-1111-2222-3333-444455556666}.Release|x64.ActiveCfg = Release|Any CPU
		{A1B2C3D4-1111-2222-3333-444455556666}.Release|x64.Build.0 = Release|Any CPU
		{A1B2C3D4-1111-2222-3333-444455556666}.Release|x86.ActiveCfg = Release|Any CPU
		{A1B2C3D4-1111-2222-3333-444455556666}.Release|x86.Build.0 = Release|Any CPU
		{A1B2C3D4-1111-2222-3333-444455557777}.Debug|Any CPU.ActiveCfg = Debug|Any CPU
		{A1B2C3D4-1111-2222-3333-444455557777}.Debug|Any CPU.Build.0 = Debug|Any CPU
		{A1B2C3D4-1111-2222-3333-444455557777}.Debug|x64.ActiveCfg = Debug|Any CPU
		{A1B2C3D4-1111-2222-3333-444455557777}.Debug|x64.Build.0 = Debug|Any CPU
		{A1B2C3D4-1111-2222-3333-444455557777}.Debug|x86.ActiveCfg = Debug|Any CPU
		{A1B2C3D4-1111-2222-3333-444455557777}.Debug|x86.Build.0 = Debug|Any CPU
		{A1B2C3D4-1111-2222-3333-444455557777}.Release|Any CPU.ActiveCfg = Release|Any CPU
		{A1B2C3D4-1111-2222-3333-444455557777}.Release|Any CPU.Build.0 = Release|Any CPU
		{A1B2C3D4-1111-2222-3333-444455557777}.Release|x64.ActiveCfg = Release|Any CPU
		{A1B2C3D4-1111-2222-3333-444455557777}.Release|x64.Build.0 = Release|Any CPU
		{A1B2C3D4-1111-2222-3333-444455557777}.Release|x86.ActiveCfg = Release|Any CPU
		{A1B2C3D4-1111-2222-3333-444455557777}.Release|x86.Build.0 = Release|Any CPU
		{DE90427C-C4EB-4251-9860-B7E4DF74B086}.Debug|Any CPU.ActiveCfg = Debug|Any CPU
		{DE90427C-C4EB-4251-9860-B7E4DF74B086}.Debug|Any CPU.Build.0 = Debug|Any CPU
		{DE90427C-C4EB-4251-9860-B7E4DF74B086}.Debug|x64.ActiveCfg = Debug|Any CPU
		{DE90427C-C4EB-4251-9860-B7E4DF74B086}.Debug|x64.Build.0 = Debug|Any CPU
		{DE90427C-C4EB-4251-9860-B7E4DF74B086}.Debug|x86.ActiveCfg = Debug|Any CPU
		{DE90427C-C4EB-4251-9860-B7E4DF74B086}.Debug|x86.Build.0 = Debug|Any CPU
		{DE90427C-C4EB-4251-9860-B7E4DF74B086}.Release|Any CPU.ActiveCfg = Release|Any CPU
		{DE90427C-C4EB-4251-9860-B7E4DF74B086}.Release|Any CPU.Build.0 = Release|Any CPU
		{DE90427C-C4EB-4251-9860-B7E4DF74B086}.Release|x64.ActiveCfg = Release|Any CPU
		{DE90427C-C4EB-4251-9860-B7E4DF74B086}.Release|x64.Build.0 = Release|Any CPU
		{DE90427C-C4EB-4251-9860-B7E4DF74B086}.Release|x86.ActiveCfg = Release|Any CPU
		{DE90427C-C4EB-4251-9860-B7E4DF74B086}.Release|x86.Build.0 = Release|Any CPU
		{6B74543B-A56C-43E1-B7D1-D75DC17E96C9}.Debug|Any CPU.ActiveCfg = Debug|Any CPU
		{6B74543B-A56C-43E1-B7D1-D75DC17E96C9}.Debug|Any CPU.Build.0 = Debug|Any CPU
		{6B74543B-A56C-43E1-B7D1-D75DC17E96C9}.Debug|x64.ActiveCfg = Debug|Any CPU
		{6B74543B-A56C-43E1-B7D1-D75DC17E96C9}.Debug|x64.Build.0 = Debug|Any CPU
		{6B74543B-A56C-43E1-B7D1-D75DC17E96C9}.Debug|x86.ActiveCfg = Debug|Any CPU
		{6B74543B-A56C-43E1-B7D1-D75DC17E96C9}.Debug|x86.Build.0 = Debug|Any CPU
		{6B74543B-A56C-43E1-B7D1-D75DC17E96C9}.Release|Any CPU.ActiveCfg = Release|Any CPU
		{6B74543B-A56C-43E1-B7D1-D75DC17E96C9}.Release|Any CPU.Build.0 = Release|Any CPU
		{6B74543B-A56C-43E1-B7D1-D75DC17E96C9}.Release|x64.ActiveCfg = Release|Any CPU
		{6B74543B-A56C-43E1-B7D1-D75DC17E96C9}.Release|x64.Build.0 = Release|Any CPU
		{6B74543B-A56C-43E1-B7D1-D75DC17E96C9}.Release|x86.ActiveCfg = Release|Any CPU
		{6B74543B-A56C-43E1-B7D1-D75DC17E96C9}.Release|x86.Build.0 = Release|Any CPU
		{C7A70000-0000-4000-8000-000000000001}.Debug|Any CPU.ActiveCfg = Debug|Any CPU
		{C7A70000-0000-4000-8000-000000000001}.Debug|Any CPU.Build.0 = Debug|Any CPU
		{C7A70000-0000-4000-8000-000000000001}.Debug|x64.ActiveCfg = Debug|Any CPU
		{C7A70000-0000-4000-8000-000000000001}.Debug|x64.Build.0 = Debug|Any CPU
		{C7A70000-0000-4000-8000-000000000001}.Debug|x86.ActiveCfg = Debug|Any CPU
		{C7A70000-0000-4000-8000-000000000001}.Debug|x86.Build.0 = Debug|Any CPU
		{C7A70000-0000-4000-8000-000000000001}.Release|Any CPU.ActiveCfg = Release|Any CPU
		{C7A70000-0000-4000-8000-000000000001}.Release|Any CPU.Build.0 = Release|Any CPU
		{C7A70000-0000-4000-8000-000000000001}.Release|x64.ActiveCfg = Release|Any CPU
		{C7A70000-0000-4000-8000-000000000001}.Release|x64.Build.0 = Release|Any CPU
		{C7A70000-0000-4000-8000-000000000001}.Release|x86.ActiveCfg = Release|Any CPU
		{C7A70000-0000-4000-8000-000000000001}.Release|x86.Build.0 = Release|Any CPU
	EndGlobalSection
	GlobalSection(SolutionProperties) = preSolution
		HideSolutionNode = FALSE
	EndGlobalSection
	GlobalSection(NestedProjects) = preSolution
		{6B74543B-A56C-43E1-B7D1-D75DC17E96C9} = {4875576A-1733-4176-A891-E6B342F4598E}
		{C7A70000-0000-4000-8000-000000000001} = {C7A70000-0000-4000-8000-000000000002}
	EndGlobalSection
EndGlobal
